
Microsoft Visual Studio Solution File, Format Version 12.00
# Visual Studio Version 16
VisualStudioVersion = 16.0.30804.86
MinimumVisualStudioVersion = 10.0.40219.1
Project("{2150E333-8FDC-42A3-9474-1A3956D46DE8}") = "Presentation", "Presentation", "{446DB775-2F39-4A18-9E76-D5D3F3C9ECD3}"
EndProject
Project("{2150E333-8FDC-42A3-9474-1A3956D46DE8}") = "Domain", "Domain", "{A4ECD0A2-4A0A-4FEC-8E7F-27019DD04870}"
EndProject
Project("{9A19103F-16F7-4668-BE54-9A1E7A4F7556}") = "TodoListApplication.Core", "TodoListApplication.Core\TodoListApplication.Core.csproj", "{9ABCCA5E-BAE1-46CB-B5B0-2429FFC974B1}"
EndProject
Project("{2150E333-8FDC-42A3-9474-1A3956D46DE8}") = "Application", "Application", "{49214124-31DC-4C32-A796-130884CA2D04}"
EndProject
Project("{9A19103F-16F7-4668-BE54-9A1E7A4F7556}") = "TodoListApplication.BusinessLogic", "TodoListApplication.BusinessLogic\TodoListApplication.BusinessLogic.csproj", "{F29EAD80-FB75-4E21-B549-C0BF92C2A766}"
EndProject
Project("{2150E333-8FDC-42A3-9474-1A3956D46DE8}") = "Persistence", "Persistence", "{47C0D498-5BBA-45DE-ABF3-9F8BF1A508CC}"
EndProject
Project("{9A19103F-16F7-4668-BE54-9A1E7A4F7556}") = "TodoListApplication.DataAccess", "TodoListApplication.DataAccess\TodoListApplication.DataAccess.csproj", "{10A6EFAF-EEC3-4842-9C84-B9BF5E2BBC0F}"
EndProject
Project("{FAE04EC0-301F-11D3-BF4B-00C04F79EFBC}") = "TodoListApplication.Web", "TodoListApplication.Web\TodoListApplication.Web.csproj", "{D6605DEF-6AEB-4142-9EF6-868A634A0143}"
EndProject
Global
	GlobalSection(SolutionConfigurationPlatforms) = preSolution
		Debug|Any CPU = Debug|Any CPU
		Release|Any CPU = Release|Any CPU
	EndGlobalSection
	GlobalSection(ProjectConfigurationPlatforms) = postSolution
		{9ABCCA5E-BAE1-46CB-B5B0-2429FFC974B1}.Debug|Any CPU.ActiveCfg = Debug|Any CPU
		{9ABCCA5E-BAE1-46CB-B5B0-2429FFC974B1}.Debug|Any CPU.Build.0 = Debug|Any CPU
		{9ABCCA5E-BAE1-46CB-B5B0-2429FFC974B1}.Release|Any CPU.ActiveCfg = Release|Any CPU
		{9ABCCA5E-BAE1-46CB-B5B0-2429FFC974B1}.Release|Any CPU.Build.0 = Release|Any CPU
		{F29EAD80-FB75-4E21-B549-C0BF92C2A766}.Debug|Any CPU.ActiveCfg = Debug|Any CPU
		{F29EAD80-FB75-4E21-B549-C0BF92C2A766}.Debug|Any CPU.Build.0 = Debug|Any CPU
		{F29EAD80-FB75-4E21-B549-C0BF92C2A766}.Release|Any CPU.ActiveCfg = Release|Any CPU
		{F29EAD80-FB75-4E21-B549-C0BF92C2A766}.Release|Any CPU.Build.0 = Release|Any CPU
		{10A6EFAF-EEC3-4842-9C84-B9BF5E2BBC0F}.Debug|Any CPU.ActiveCfg = Debug|Any CPU
		{10A6EFAF-EEC3-4842-9C84-B9BF5E2BBC0F}.Debug|Any CPU.Build.0 = Debug|Any CPU
		{10A6EFAF-EEC3-4842-9C84-B9BF5E2BBC0F}.Release|Any CPU.ActiveCfg = Release|Any CPU
		{10A6EFAF-EEC3-4842-9C84-B9BF5E2BBC0F}.Release|Any CPU.Build.0 = Release|Any CPU
		{D6605DEF-6AEB-4142-9EF6-868A634A0143}.Debug|Any CPU.ActiveCfg = Debug|Any CPU
		{D6605DEF-6AEB-4142-9EF6-868A634A0143}.Debug|Any CPU.Build.0 = Debug|Any CPU
		{D6605DEF-6AEB-4142-9EF6-868A634A0143}.Release|Any CPU.ActiveCfg = Release|Any CPU
		{D6605DEF-6AEB-4142-9EF6-868A634A0143}.Release|Any CPU.Build.0 = Release|Any CPU
	EndGlobalSection
	GlobalSection(SolutionProperties) = preSolution
		HideSolutionNode = FALSE
	EndGlobalSection
	GlobalSection(NestedProjects) = preSolution
		{9ABCCA5E-BAE1-46CB-B5B0-2429FFC974B1} = {A4ECD0A2-4A0A-4FEC-8E7F-27019DD04870}
		{F29EAD80-FB75-4E21-B549-C0BF92C2A766} = {49214124-31DC-4C32-A796-130884CA2D04}
		{10A6EFAF-EEC3-4842-9C84-B9BF5E2BBC0F} = {47C0D498-5BBA-45DE-ABF3-9F8BF1A508CC}
		{D6605DEF-6AEB-4142-9EF6-868A634A0143} = {446DB775-2F39-4A18-9E76-D5D3F3C9ECD3}
	EndGlobalSection
	GlobalSection(ExtensibilityGlobals) = postSolution
		SolutionGuid = {7034FC30-EE81-4DBA-BCA3-09168B9B2211}
	EndGlobalSection
EndGlobal
